// !$*UTF8*$!
{
	archiveVersion = 1;
	classes = {
	};
	objectVersion = 46;
	objects = {

/* Begin PBXCopyFilesBuildPhase section */
		58B511D91A9E6C8500147676 /* CopyFiles */ = {
			isa = PBXCopyFilesBuildPhase;
			buildActionMask = 2147483647;
			dstPath = "include/$(PRODUCT_NAME)";
			dstSubfolderSpec = 16;
			files = (
			);
			runOnlyForDeploymentPostprocessing = 0;
		};
/* End PBXCopyFilesBuildPhase section */

/* Begin PBXFileReference section */
		134814201AA4EA6300B7C361 /* libreact-native-ad.a */ = {isa = PBXFileReference; explicitFileType = archive.ar; includeInIndex = 0; path = "libreact-native-ad.a"; sourceTree = BUILT_PRODUCTS_DIR; };
		2C025F1224C84A3E00F311F6 /* FullScreenVideo.m */ = {isa = PBXFileReference; fileEncoding = 4; lastKnownFileType = sourcecode.c.objc; path = FullScreenVideo.m; sourceTree = "<group>"; };
		2C025F1424C84A3E00F311F6 /* BUDSlotViewModel.m */ = {isa = PBXFileReference; fileEncoding = 4; lastKnownFileType = sourcecode.c.objc; path = BUDSlotViewModel.m; sourceTree = "<group>"; };
		2C025F1524C84A3E00F311F6 /* BUDDefs.h */ = {isa = PBXFileReference; fileEncoding = 4; lastKnownFileType = sourcecode.c.h; path = BUDDefs.h; sourceTree = "<group>"; };
		2C025F1624C84A3E00F311F6 /* BUDSlotViewModel.h */ = {isa = PBXFileReference; fileEncoding = 4; lastKnownFileType = sourcecode.c.h; path = BUDSlotViewModel.h; sourceTree = "<group>"; };
		2C025F1724C84A3E00F311F6 /* SplashAd.h */ = {isa = PBXFileReference; fileEncoding = 4; lastKnownFileType = sourcecode.c.h; path = SplashAd.h; sourceTree = "<group>"; };
		2C025F1824C84A3E00F311F6 /* AdBoss.h */ = {isa = PBXFileReference; fileEncoding = 4; lastKnownFileType = sourcecode.c.h; path = AdBoss.h; sourceTree = "<group>"; };
		2C025F1A24C84A3E00F311F6 /* DrawFeedAd.h */ = {isa = PBXFileReference; fileEncoding = 4; lastKnownFileType = sourcecode.c.h; path = DrawFeedAd.h; sourceTree = "<group>"; };
		2C025F1B24C84A3E00F311F6 /* FeedAd.m */ = {isa = PBXFileReference; fileEncoding = 4; lastKnownFileType = sourcecode.c.objc; path = FeedAd.m; sourceTree = "<group>"; };
		2C025F1C24C84A3E00F311F6 /* DrawFeedAd.m */ = {isa = PBXFileReference; fileEncoding = 4; lastKnownFileType = sourcecode.c.objc; path = DrawFeedAd.m; sourceTree = "<group>"; };
		2C025F1D24C84A3E00F311F6 /* FeedAdManager.m */ = {isa = PBXFileReference; fileEncoding = 4; lastKnownFileType = sourcecode.c.objc; path = FeedAdManager.m; sourceTree = "<group>"; };
		2C025F1E24C84A3E00F311F6 /* FeedAd.h */ = {isa = PBXFileReference; fileEncoding = 4; lastKnownFileType = sourcecode.c.h; path = FeedAd.h; sourceTree = "<group>"; };
		2C025F1F24C84A3E00F311F6 /* DrawFeedAdManager.m */ = {isa = PBXFileReference; fileEncoding = 4; lastKnownFileType = sourcecode.c.objc; path = DrawFeedAdManager.m; sourceTree = "<group>"; };
		2C025F2024C84A3E00F311F6 /* RewardVideo.m */ = {isa = PBXFileReference; fileEncoding = 4; lastKnownFileType = sourcecode.c.objc; path = RewardVideo.m; sourceTree = "<group>"; };
		2C025F2224C84A3E00F311F6 /* BUDBase64.m */ = {isa = PBXFileReference; fileEncoding = 4; lastKnownFileType = sourcecode.c.objc; path = BUDBase64.m; sourceTree = "<group>"; };
		2C025F2424C84A3E00F311F6 /* NSString+LocalizedString.h */ = {isa = PBXFileReference; fileEncoding = 4; lastKnownFileType = sourcecode.c.h; path = "NSString+LocalizedString.h"; sourceTree = "<group>"; };
		2C025F2524C84A3E00F311F6 /* UIView+Draw.m */ = {isa = PBXFileReference; fileEncoding = 4; lastKnownFileType = sourcecode.c.objc; path = "UIView+Draw.m"; sourceTree = "<group>"; };
		2C025F2624C84A3E00F311F6 /* NSString+Json.m */ = {isa = PBXFileReference; fileEncoding = 4; lastKnownFileType = sourcecode.c.objc; path = "NSString+Json.m"; sourceTree = "<group>"; };
		2C025F2724C84A3E00F311F6 /* NSString+LocalizedString.m */ = {isa = PBXFileReference; fileEncoding = 4; lastKnownFileType = sourcecode.c.objc; path = "NSString+LocalizedString.m"; sourceTree = "<group>"; };
		2C025F2824C84A3E00F311F6 /* NSString+Json.h */ = {isa = PBXFileReference; fileEncoding = 4; lastKnownFileType = sourcecode.c.h; path = "NSString+Json.h"; sourceTree = "<group>"; };
		2C025F2924C84A3E00F311F6 /* UIView+Draw.h */ = {isa = PBXFileReference; fileEncoding = 4; lastKnownFileType = sourcecode.c.h; path = "UIView+Draw.h"; sourceTree = "<group>"; };
		2C025F2A24C84A3E00F311F6 /* BUDCocoaSecurity.h */ = {isa = PBXFileReference; fileEncoding = 4; lastKnownFileType = sourcecode.c.h; path = BUDCocoaSecurity.h; sourceTree = "<group>"; };
		2C025F2B24C84A3E00F311F6 /* BUDBase64.h */ = {isa = PBXFileReference; fileEncoding = 4; lastKnownFileType = sourcecode.c.h; path = BUDBase64.h; sourceTree = "<group>"; };
		2C025F2C24C84A3E00F311F6 /* BUDCocoaSecurity.m */ = {isa = PBXFileReference; fileEncoding = 4; lastKnownFileType = sourcecode.c.objc; path = BUDCocoaSecurity.m; sourceTree = "<group>"; };
		2C025F2D24C84A3E00F311F6 /* AdManager.m */ = {isa = PBXFileReference; fileEncoding = 4; lastKnownFileType = sourcecode.c.objc; path = AdManager.m; sourceTree = "<group>"; };
		2C025F2F24C84A3E00F311F6 /* BUDMacros.h */ = {isa = PBXFileReference; fileEncoding = 4; lastKnownFileType = sourcecode.c.h; path = BUDMacros.h; sourceTree = "<group>"; };
		2C025F3124C84A3E00F311F6 /* RewardVideoViewController.m */ = {isa = PBXFileReference; fileEncoding = 4; lastKnownFileType = sourcecode.c.objc; path = RewardVideoViewController.m; sourceTree = "<group>"; };
		2C025F3224C84A3E00F311F6 /* FullscreenViewController.h */ = {isa = PBXFileReference; fileEncoding = 4; lastKnownFileType = sourcecode.c.h; path = FullscreenViewController.h; sourceTree = "<group>"; };
		2C025F3324C84A3E00F311F6 /* RewardVideoViewController.h */ = {isa = PBXFileReference; fileEncoding = 4; lastKnownFileType = sourcecode.c.h; path = RewardVideoViewController.h; sourceTree = "<group>"; };
		2C025F3424C84A3E00F311F6 /* FullscreenViewController.m */ = {isa = PBXFileReference; fileEncoding = 4; lastKnownFileType = sourcecode.c.objc; path = FullscreenViewController.m; sourceTree = "<group>"; };
		2C025F3524C84A3E00F311F6 /* FullScreenVideo.h */ = {isa = PBXFileReference; fileEncoding = 4; lastKnownFileType = sourcecode.c.h; path = FullScreenVideo.h; sourceTree = "<group>"; };
		2C025F3624C84A3E00F311F6 /* AdBoss.m */ = {isa = PBXFileReference; fileEncoding = 4; lastKnownFileType = sourcecode.c.objc; path = AdBoss.m; sourceTree = "<group>"; };
		2C025F3724C84A3E00F311F6 /* SplashAd.m */ = {isa = PBXFileReference; fileEncoding = 4; lastKnownFileType = sourcecode.c.objc; path = SplashAd.m; sourceTree = "<group>"; };
		2C025F3824C84A3E00F311F6 /* RewardVideo.h */ = {isa = PBXFileReference; fileEncoding = 4; lastKnownFileType = sourcecode.c.h; path = RewardVideo.h; sourceTree = "<group>"; };
/* End PBXFileReference section */

/* Begin PBXFrameworksBuildPhase section */
		58B511D81A9E6C8500147676 /* Frameworks */ = {
			isa = PBXFrameworksBuildPhase;
			buildActionMask = 2147483647;
			files = (
			);
			runOnlyForDeploymentPostprocessing = 0;
		};
/* End PBXFrameworksBuildPhase section */

/* Begin PBXGroup section */
		134814211AA4EA7D00B7C361 /* Products */ = {
			isa = PBXGroup;
			children = (
				134814201AA4EA6300B7C361 /* libreact-native-ad.a */,
			);
			name = Products;
			sourceTree = "<group>";
		};
		2C025F1124C84A3E00F311F6 /* src */ = {
			isa = PBXGroup;
			children = (
				2C025F2E24C84A3E00F311F6 /* Macros */,
				2C025F3024C84A3E00F311F6 /* ViewControllers */,
				2C025F1324C84A3E00F311F6 /* ViewModels */,
				2C025F1924C84A3E00F311F6 /* ViewManagers */,
				2C025F2124C84A3E00F311F6 /* Utils */,
				2C025F3524C84A3E00F311F6 /* FullScreenVideo.h */,
				2C025F1224C84A3E00F311F6 /* FullScreenVideo.m */,
				2C025F1724C84A3E00F311F6 /* SplashAd.h */,
				2C025F3724C84A3E00F311F6 /* SplashAd.m */,
				2C025F1824C84A3E00F311F6 /* AdBoss.h */,
				2C025F3624C84A3E00F311F6 /* AdBoss.m */,
				2C025F3824C84A3E00F311F6 /* RewardVideo.h */,
				2C025F2024C84A3E00F311F6 /* RewardVideo.m */,
				2C025F2D24C84A3E00F311F6 /* AdManager.m */,
			);
			path = src;
			sourceTree = "<group>";
		};
		2C025F1324C84A3E00F311F6 /* ViewModels */ = {
			isa = PBXGroup;
			children = (
				2C025F1424C84A3E00F311F6 /* BUDSlotViewModel.m */,
				2C025F1524C84A3E00F311F6 /* BUDDefs.h */,
				2C025F1624C84A3E00F311F6 /* BUDSlotViewModel.h */,
			);
			path = ViewModels;
			sourceTree = "<group>";
		};
		2C025F1924C84A3E00F311F6 /* ViewManagers */ = {
			isa = PBXGroup;
			children = (
				2C025F1A24C84A3E00F311F6 /* DrawFeedAd.h */,
				2C025F1C24C84A3E00F311F6 /* DrawFeedAd.m */,
				2C025F1F24C84A3E00F311F6 /* DrawFeedAdManager.m */,
				2C025F1E24C84A3E00F311F6 /* FeedAd.h */,
				2C025F1B24C84A3E00F311F6 /* FeedAd.m */,
				2C025F1D24C84A3E00F311F6 /* FeedAdManager.m */,
			);
			path = ViewManagers;
			sourceTree = "<group>";
		};
		2C025F2124C84A3E00F311F6 /* Utils */ = {
			isa = PBXGroup;
			children = (
				2C025F2224C84A3E00F311F6 /* BUDBase64.m */,
				2C025F2324C84A3E00F311F6 /* Category */,
				2C025F2A24C84A3E00F311F6 /* BUDCocoaSecurity.h */,
				2C025F2B24C84A3E00F311F6 /* BUDBase64.h */,
				2C025F2C24C84A3E00F311F6 /* BUDCocoaSecurity.m */,
			);
			path = Utils;
			sourceTree = "<group>";
		};
		2C025F2324C84A3E00F311F6 /* Category */ = {
			isa = PBXGroup;
			children = (
				2C025F2424C84A3E00F311F6 /* NSString+LocalizedString.h */,
				2C025F2524C84A3E00F311F6 /* UIView+Draw.m */,
				2C025F2624C84A3E00F311F6 /* NSString+Json.m */,
				2C025F2724C84A3E00F311F6 /* NSString+LocalizedString.m */,
				2C025F2824C84A3E00F311F6 /* NSString+Json.h */,
				2C025F2924C84A3E00F311F6 /* UIView+Draw.h */,
			);
			path = Category;
			sourceTree = "<group>";
		};
		2C025F2E24C84A3E00F311F6 /* Macros */ = {
			isa = PBXGroup;
			children = (
				2C025F2F24C84A3E00F311F6 /* BUDMacros.h */,
			);
			path = Macros;
			sourceTree = "<group>";
		};
		2C025F3024C84A3E00F311F6 /* ViewControllers */ = {
			isa = PBXGroup;
			children = (
				2C025F3124C84A3E00F311F6 /* RewardVideoViewController.m */,
				2C025F3224C84A3E00F311F6 /* FullscreenViewController.h */,
				2C025F3324C84A3E00F311F6 /* RewardVideoViewController.h */,
				2C025F3424C84A3E00F311F6 /* FullscreenViewController.m */,
			);
			path = ViewControllers;
			sourceTree = "<group>";
		};
		58B511D21A9E6C8500147676 = {
			isa = PBXGroup;
			children = (
				2C025F1124C84A3E00F311F6 /* src */,
				134814211AA4EA7D00B7C361 /* Products */,
			);
			sourceTree = "<group>";
		};
/* End PBXGroup section */

/* Begin PBXNativeTarget section */
		58B511DA1A9E6C8500147676 /* react-native-ad */ = {
			isa = PBXNativeTarget;
			buildConfigurationList = 58B511EF1A9E6C8500147676 /* Build configuration list for PBXNativeTarget "react-native-ad" */;
			buildPhases = (
				58B511D71A9E6C8500147676 /* Sources */,
				58B511D81A9E6C8500147676 /* Frameworks */,
				58B511D91A9E6C8500147676 /* CopyFiles */,
			);
			buildRules = (
			);
			dependencies = (
			);
			name = "react-native-ad";
			productName = RCTDataManager;
			productReference = 134814201AA4EA6300B7C361 /* libreact-native-ad.a */;
			productType = "com.apple.product-type.library.static";
		};
/* End PBXNativeTarget section */

/* Begin PBXProject section */
		58B511D31A9E6C8500147676 /* Project object */ = {
			isa = PBXProject;
			attributes = {
				LastUpgradeCheck = 0920;
				ORGANIZATIONNAME = Facebook;
				TargetAttributes = {
					58B511DA1A9E6C8500147676 = {
						CreatedOnToolsVersion = 6.1.1;
					};
				};
			};
			buildConfigurationList = 58B511D61A9E6C8500147676 /* Build configuration list for PBXProject "react-native-ad" */;
			compatibilityVersion = "Xcode 3.2";
			developmentRegion = English;
			hasScannedForEncodings = 0;
			knownRegions = (
				English,
				en,
			);
			mainGroup = 58B511D21A9E6C8500147676;
			productRefGroup = 58B511D21A9E6C8500147676;
			projectDirPath = "";
			projectRoot = "";
			targets = (
				58B511DA1A9E6C8500147676 /* react-native-ad */,
			);
		};
/* End PBXProject section */

/* Begin PBXSourcesBuildPhase section */
		58B511D71A9E6C8500147676 /* Sources */ = {
			isa = PBXSourcesBuildPhase;
			buildActionMask = 2147483647;
			files = (
			);
			runOnlyForDeploymentPostprocessing = 0;
		};
/* End PBXSourcesBuildPhase section */

/* Begin XCBuildConfiguration section */
		58B511ED1A9E6C8500147676 /* Debug */ = {
			isa = XCBuildConfiguration;
			buildSettings = {
				ALWAYS_SEARCH_USER_PATHS = NO;
				CLANG_CXX_LANGUAGE_STANDARD = "gnu++0x";
				CLANG_CXX_LIBRARY = "libc++";
				CLANG_ENABLE_MODULES = YES;
				CLANG_ENABLE_OBJC_ARC = YES;
				CLANG_WARN_BLOCK_CAPTURE_AUTORELEASING = YES;
				CLANG_WARN_BOOL_CONVERSION = YES;
				CLANG_WARN_COMMA = YES;
				CLANG_WARN_CONSTANT_CONVERSION = YES;
				CLANG_WARN_DIRECT_OBJC_ISA_USAGE = YES_ERROR;
				CLANG_WARN_EMPTY_BODY = YES;
				CLANG_WARN_ENUM_CONVERSION = YES;
				CLANG_WARN_INFINITE_RECURSION = YES;
				CLANG_WARN_INT_CONVERSION = YES;
				CLANG_WARN_NON_LITERAL_NULL_CONVERSION = YES;
				CLANG_WARN_OBJC_LITERAL_CONVERSION = YES;
				CLANG_WARN_OBJC_ROOT_CLASS = YES_ERROR;
				CLANG_WARN_RANGE_LOOP_ANALYSIS = YES;
				CLANG_WARN_STRICT_PROTOTYPES = YES;
				CLANG_WARN_SUSPICIOUS_MOVE = YES;
				CLANG_WARN_UNREACHABLE_CODE = YES;
				CLANG_WARN__DUPLICATE_METHOD_MATCH = YES;
				COPY_PHASE_STRIP = NO;
				ENABLE_STRICT_OBJC_MSGSEND = YES;
				ENABLE_TESTABILITY = YES;
				GCC_C_LANGUAGE_STANDARD = gnu99;
				GCC_DYNAMIC_NO_PIC = NO;
				GCC_NO_COMMON_BLOCKS = YES;
				GCC_OPTIMIZATION_LEVEL = 0;
				GCC_PREPROCESSOR_DEFINITIONS = (
					"DEBUG=1",
					"$(inherited)",
				);
				GCC_SYMBOLS_PRIVATE_EXTERN = NO;
				GCC_WARN_64_TO_32_BIT_CONVERSION = YES;
				GCC_WARN_ABOUT_RETURN_TYPE = YES_ERROR;
				GCC_WARN_UNDECLARED_SELECTOR = YES;
				GCC_WARN_UNINITIALIZED_AUTOS = YES_AGGRESSIVE;
				GCC_WARN_UNUSED_FUNCTION = YES;
				GCC_WARN_UNUSED_VARIABLE = YES;
				IPHONEOS_DEPLOYMENT_TARGET = 8.0;
				MTL_ENABLE_DEBUG_INFO = YES;
				ONLY_ACTIVE_ARCH = YES;
				SDKROOT = iphoneos;
			};
			name = Debug;
		};
		58B511EE1A9E6C8500147676 /* Release */ = {
			isa = XCBuildConfiguration;
			buildSettings = {
				ALWAYS_SEARCH_USER_PATHS = NO;
				CLANG_CXX_LANGUAGE_STANDARD = "gnu++0x";
				CLANG_CXX_LIBRARY = "libc++";
				CLANG_ENABLE_MODULES = YES;
				CLANG_ENABLE_OBJC_ARC = YES;
				CLANG_WARN_BLOCK_CAPTURE_AUTORELEASING = YES;
				CLANG_WARN_BOOL_CONVERSION = YES;
				CLANG_WARN_COMMA = YES;
				CLANG_WARN_CONSTANT_CONVERSION = YES;
				CLANG_WARN_DIRECT_OBJC_ISA_USAGE = YES_ERROR;
				CLANG_WARN_EMPTY_BODY = YES;
				CLANG_WARN_ENUM_CONVERSION = YES;
				CLANG_WARN_INFINITE_RECURSION = YES;
				CLANG_WARN_INT_CONVERSION = YES;
				CLANG_WARN_NON_LITERAL_NULL_CONVERSION = YES;
				CLANG_WARN_OBJC_LITERAL_CONVERSION = YES;
				CLANG_WARN_OBJC_ROOT_CLASS = YES_ERROR;
				CLANG_WARN_RANGE_LOOP_ANALYSIS = YES;
				CLANG_WARN_STRICT_PROTOTYPES = YES;
				CLANG_WARN_SUSPICIOUS_MOVE = YES;
				CLANG_WARN_UNREACHABLE_CODE = YES;
				CLANG_WARN__DUPLICATE_METHOD_MATCH = YES;
				COPY_PHASE_STRIP = YES;
				ENABLE_NS_ASSERTIONS = NO;
				ENABLE_STRICT_OBJC_MSGSEND = YES;
				GCC_C_LANGUAGE_STANDARD = gnu99;
				GCC_NO_COMMON_BLOCKS = YES;
				GCC_WARN_64_TO_32_BIT_CONVERSION = YES;
				GCC_WARN_ABOUT_RETURN_TYPE = YES_ERROR;
				GCC_WARN_UNDECLARED_SELECTOR = YES;
				GCC_WARN_UNINITIALIZED_AUTOS = YES_AGGRESSIVE;
				GCC_WARN_UNUSED_FUNCTION = YES;
				GCC_WARN_UNUSED_VARIABLE = YES;
				IPHONEOS_DEPLOYMENT_TARGET = 8.0;
				MTL_ENABLE_DEBUG_INFO = NO;
				SDKROOT = iphoneos;
				VALIDATE_PRODUCT = YES;
			};
			name = Release;
		};
		58B511F01A9E6C8500147676 /* Debug */ = {
			isa = XCBuildConfiguration;
			buildSettings = {
				HEADER_SEARCH_PATHS = (
					"$(inherited)",
					/Applications/Xcode.app/Contents/Developer/Toolchains/XcodeDefault.xctoolchain/usr/include,
					"$(SRCROOT)/../../../React/**",
					"$(SRCROOT)/../../react-native/React/**",
					"$(SRCROOT)/src/**",
				);
				LIBRARY_SEARCH_PATHS = "$(inherited)";
				OTHER_LDFLAGS = "-ObjC";
				PRODUCT_NAME = "react-native-ad";
				SKIP_INSTALL = YES;
				USER_HEADER_SEARCH_PATHS = "$(SRCROOT)/src/**";
			};
			name = Debug;
		};
		58B511F11A9E6C8500147676 /* Release */ = {
			isa = XCBuildConfiguration;
			buildSettings = {
				HEADER_SEARCH_PATHS = (
					"$(inherited)",
					/Applications/Xcode.app/Contents/Developer/Toolchains/XcodeDefault.xctoolchain/usr/include,
					"$(SRCROOT)/../../../React/**",
					"$(SRCROOT)/../../react-native/React/**",
					"$(SRCROOT)/src/**",
				);
				LIBRARY_SEARCH_PATHS = "$(inherited)";
				OTHER_LDFLAGS = "-ObjC";
				PRODUCT_NAME = "react-native-ad";
				SKIP_INSTALL = YES;
				USER_HEADER_SEARCH_PATHS = "$(SRCROOT)/src/**";
			};
			name = Release;
		};
/* End XCBuildConfiguration section */

/* Begin XCConfigurationList section */
		58B511D61A9E6C8500147676 /* Build configuration list for PBXProject "react-native-ad" */ = {
			isa = XCConfigurationList;
			buildConfigurations = (
				58B511ED1A9E6C8500147676 /* Debug */,
				58B511EE1A9E6C8500147676 /* Release */,
			);
			defaultConfigurationIsVisible = 0;
			defaultConfigurationName = Release;
		};
		58B511EF1A9E6C8500147676 /* Build configuration list for PBXNativeTarget "react-native-ad" */ = {
			isa = XCConfigurationList;
			buildConfigurations = (
				58B511F01A9E6C8500147676 /* Debug */,
				58B511F11A9E6C8500147676 /* Release */,
			);
			defaultConfigurationIsVisible = 0;
			defaultConfigurationName = Release;
		};
/* End XCConfigurationList section */
	};
	rootObject = 58B511D31A9E6C8500147676 /* Project object */;
}
